
Microsoft Visual Studio Solution File, Format Version 12.00
# Visual Studio Version 17
VisualStudioVersion = 17.1.32407.343
MinimumVisualStudioVersion = 10.0.40219.1
Project("{FAE04EC0-301F-11D3-BF4B-00C04F79EFBC}") = "Web410818661", "Web410818661\Web410818661.csproj", "{FC2BCF69-AD6C-408E-89CF-C5BD8D199D75}"
EndProject
Global
	GlobalSection(SolutionConfigurationPlatforms) = preSolution
		Debug|Any CPU = Debug|Any CPU
		Release|Any CPU = Release|Any CPU
	EndGlobalSection
	GlobalSection(ProjectConfigurationPlatforms) = postSolution
		{FC2BCF69-AD6C-408E-89CF-C5BD8D199D75}.Debug|Any CPU.ActiveCfg = Debug|Any CPU
		{FC2BCF69-AD6C-408E-89CF-C5BD8D199D75}.Debug|Any CPU.Build.0 = Debug|Any CPU
		{FC2BCF69-AD6C-408E-89CF-C5BD8D199D75}.Release|Any CPU.ActiveCfg = Release|Any CPU
		{FC2BCF69-AD6C-408E-89CF-C5BD8D199D75}.Release|Any CPU.Build.0 = Release|Any CPU
	EndGlobalSection
	GlobalSection(SolutionProperties) = preSolution
		HideSolutionNode = FALSE
	EndGlobalSection
	GlobalSection(ExtensibilityGlobals) = postSolution
		SolutionGuid = {3FCDBAEF-B15E-4BEB-A48E-B0D3D7878A85}
	EndGlobalSection
EndGlobal
